
Microsoft Visual Studio Solution File, Format Version 12.00
# Visual Studio Version 17
VisualStudioVersion = 17.0.32014.148
MinimumVisualStudioVersion = 10.0.40219.1
Project("{9A19103F-16F7-4668-BE54-9A1E7A4F7556}") = "DataParser", "DataParser\DataParser.csproj", "{77AA7912-A68D-4BE3-9D2A-1BC647BA5ADE}"
EndProject
Global
	GlobalSection(SolutionConfigurationPlatforms) = preSolution
		Debug|Any CPU = Debug|Any CPU
		Release|Any CPU = Release|Any CPU
	EndGlobalSection
	GlobalSection(ProjectConfigurationPlatforms) = postSolution
		{77AA7912-A68D-4BE3-9D2A-1BC647BA5ADE}.Debug|Any CPU.ActiveCfg = Debug|Any CPU
		{77AA7912-A68D-4BE3-9D2A-1BC647BA5ADE}.Debug|Any CPU.Build.0 = Debug|Any CPU
		{77AA7912-A68D-4BE3-9D2A-1BC647BA5ADE}.Release|Any CPU.ActiveCfg = Release|Any CPU
		{77AA7912-A68D-4BE3-9D2A-1BC647BA5ADE}.Release|Any CPU.Build.0 = Release|Any CPU
	EndGlobalSection
	GlobalSection(SolutionProperties) = preSolution
		HideSolutionNode = FALSE
	EndGlobalSection
	GlobalSection(ExtensibilityGlobals) = postSolution
		SolutionGuid = {2CEF7036-3EA5-40E7-9C4C-3DFF18CED98F}
	EndGlobalSection
EndGlobal
